dependencies:
- name: storm-shared
  repository: oci://registry-1.docker.io/veteranchad
  version: 0.1.0
- name: zookeeper
  repository: oci://registry-1.docker.io/bitnamicharts
  version: 13.8.4
digest: sha256:a48bb5fc9855f9746834f13ba61ed71c1da01255a39cf6f294c5d910716bba66
generated: "2025-07-08T16:30:32.929574384Z"
