dependencies:
- name: storm-shared
  repository: oci://registry-1.docker.io/veteranchad
  version: 0.1.0
- name: zookeeper
  repository: oci://registry-1.docker.io/bitnamicharts
  version: 13.0.1
digest: sha256:b799a9bf876169b61cf835ee4be7bc5edbdb4987c133aa97b21f364c6c973a6a
generated: "2025-07-08T16:30:56.786828945Z"
