dependencies:
- name: common
  repository: oci://registry-1.docker.io/bitnamicharts
  version: 2.31.3
- name: storm-shared
  repository: oci://registry-1.docker.io/veteranchad
  version: 0.1.0
- name: zookeeper
  repository: oci://registry-1.docker.io/bitnamicharts
  version: 13.0.1
digest: sha256:294d152a93132499f2d857d7a727f039b9d68362920c3495cc2d2c3047bd0a4f
generated: "2025-07-10T15:53:19.955988901Z"
